
Microsoft Visual Studio Solution File, Format Version 12.00
# Visual Studio Version 17
VisualStudioVersion = 17.7.34031.279
MinimumVisualStudioVersion = 10.0.40219.1
Project("{9A19103F-16F7-4668-BE54-9A1E7A4F7556}") = "Image", "Image.csproj", "{B697B016-9FC2-4837-A001-8F2AE06B2547}"
EndProject
Global
	GlobalSection(SolutionConfigurationPlatforms) = preSolution
		Debug|Any CPU = Debug|Any CPU
		Release|Any CPU = Release|Any CPU
	EndGlobalSection
	GlobalSection(ProjectConfigurationPlatforms) = postSolution
		{B697B016-9FC2-4837-A001-8F2AE06B2547}.Debug|Any CPU.ActiveCfg = Debug|Any CPU
		{B697B016-9FC2-4837-A001-8F2AE06B2547}.Debug|Any CPU.Build.0 = Debug|Any CPU
		{B697B016-9FC2-4837-A001-8F2AE06B2547}.Release|Any CPU.ActiveCfg = Release|Any CPU
		{B697B016-9FC2-4837-A001-8F2AE06B2547}.Release|Any CPU.Build.0 = Release|Any CPU
	EndGlobalSection
	GlobalSection(SolutionProperties) = preSolution
		HideSolutionNode = FALSE
	EndGlobalSection
	GlobalSection(ExtensibilityGlobals) = postSolution
		SolutionGuid = {9F5A23E7-EA74-4E85-AB17-12D983BDE6DE}
	EndGlobalSection
EndGlobal
